
Microsoft Visual Studio Solution File, Format Version 12.00
# Visual Studio 15
VisualStudioVersion = 15.0.27703.2026
MinimumVisualStudioVersion = 10.0.40219.1
Project("{9A19103F-16F7-4668-BE54-9A1E7A4F7556}") = "ConsoleApp3", "ConsoleApp3.csproj", "{81DCB720-4AC6-4438-8B4F-09E71AF53EE6}"
EndProject
Global
	GlobalSection(SolutionConfigurationPlatforms) = preSolution
		Debug|Any CPU = Debug|Any CPU
		Release|Any CPU = Release|Any CPU
	EndGlobalSection
	GlobalSection(ProjectConfigurationPlatforms) = postSolution
		{81DCB720-4AC6-4438-8B4F-09E71AF53EE6}.Debug|Any CPU.ActiveCfg = Debug|Any CPU
		{81DCB720-4AC6-4438-8B4F-09E71AF53EE6}.Debug|Any CPU.Build.0 = Debug|Any CPU
		{81DCB720-4AC6-4438-8B4F-09E71AF53EE6}.Release|Any CPU.ActiveCfg = Release|Any CPU
		{81DCB720-4AC6-4438-8B4F-09E71AF53EE6}.Release|Any CPU.Build.0 = Release|Any CPU
	EndGlobalSection
	GlobalSection(SolutionProperties) = preSolution
		HideSolutionNode = FALSE
	EndGlobalSection
	GlobalSection(ExtensibilityGlobals) = postSolution
		SolutionGuid = {7187F3DF-8828-46E7-B09F-57BB11D09DCA}
	EndGlobalSection
EndGlobal
